
Microsoft Visual Studio Solution File, Format Version 12.00
# Visual Studio Version 16
VisualStudioVersion = 16.0.30413.136
MinimumVisualStudioVersion = 10.0.40219.1
Project("{FAE04EC0-301F-11D3-BF4B-00C04F79EFBC}") = "Praktica", "Praktica\Praktica.csproj", "{BFB1C23F-B7A5-48D8-9291-6546E7321001}"
EndProject
Global
	GlobalSection(SolutionConfigurationPlatforms) = preSolution
		Debug|Any CPU = Debug|Any CPU
		Release|Any CPU = Release|Any CPU
	EndGlobalSection
	GlobalSection(ProjectConfigurationPlatforms) = postSolution
		{BFB1C23F-B7A5-48D8-9291-6546E7321001}.Debug|Any CPU.ActiveCfg = Debug|Any CPU
		{BFB1C23F-B7A5-48D8-9291-6546E7321001}.Debug|Any CPU.Build.0 = Debug|Any CPU
		{BFB1C23F-B7A5-48D8-9291-6546E7321001}.Release|Any CPU.ActiveCfg = Release|Any CPU
		{BFB1C23F-B7A5-48D8-9291-6546E7321001}.Release|Any CPU.Build.0 = Release|Any CPU
	EndGlobalSection
	GlobalSection(SolutionProperties) = preSolution
		HideSolutionNode = FALSE
	EndGlobalSection
	GlobalSection(ExtensibilityGlobals) = postSolution
		SolutionGuid = {3E697099-F148-4A6B-AE84-6F411CE9CD64}
	EndGlobalSection
EndGlobal
